Microsoft Visual Studio Solution File, Format Version 11.00
# Visual Studio 2008

Project("{0EE474F9-44EE-C1DE-7694-BC82229F40A2}") = "ARCocaCola", "Assembly-CSharp-firstpass.csproj", "{53D2A353-8DF0-DA9F-636A-F547E1FCC97D}"
EndProject
Project("{0EE474F9-44EE-C1DE-7694-BC82229F40A2}") = "ARCocaCola", "Assembly-CSharp.csproj", "{4ADA7C69-0E92-0B45-77E1-F0C2D46D36EE}"
EndProject
Project("{0EE474F9-44EE-C1DE-7694-BC82229F40A2}") = "ARCocaCola", "Assembly-CSharp-Editor.csproj", "{F933D93C-6D9B-CABD-F428-85AEEB8E4EB4}"
EndProject
Project("{0EE474F9-44EE-C1DE-7694-BC82229F40A2}") = "ARCocaCola", "Assembly-UnityScript-Editor-firstpass.unityproj", "{76EDEE44-5E8B-E7F7-60B9-0DBA9A2FD712}"
EndProject
Global
	GlobalSection(SolutionConfigurationPlatforms) = preSolution
		Debug|Any CPU = Debug|Any CPU
		Release|Any CPU = Release|Any CPU
	EndGlobalSection
	GlobalSection(ProjectConfigurationPlatforms) = postSolution
		{53D2A353-8DF0-DA9F-636A-F547E1FCC97D}.Debug|Any CPU.ActiveCfg = Debug|Any CPU
		{53D2A353-8DF0-DA9F-636A-F547E1FCC97D}.Debug|Any CPU.Build.0 = Debug|Any CPU
		{53D2A353-8DF0-DA9F-636A-F547E1FCC97D}.Release|Any CPU.ActiveCfg = Release|Any CPU
		{53D2A353-8DF0-DA9F-636A-F547E1FCC97D}.Release|Any CPU.Build.0 = Release|Any CPU
		{4ADA7C69-0E92-0B45-77E1-F0C2D46D36EE}.Debug|Any CPU.ActiveCfg = Debug|Any CPU
		{4ADA7C69-0E92-0B45-77E1-F0C2D46D36EE}.Debug|Any CPU.Build.0 = Debug|Any CPU
		{4ADA7C69-0E92-0B45-77E1-F0C2D46D36EE}.Release|Any CPU.ActiveCfg = Release|Any CPU
		{4ADA7C69-0E92-0B45-77E1-F0C2D46D36EE}.Release|Any CPU.Build.0 = Release|Any CPU
		{F933D93C-6D9B-CABD-F428-85AEEB8E4EB4}.Debug|Any CPU.ActiveCfg = Debug|Any CPU
		{F933D93C-6D9B-CABD-F428-85AEEB8E4EB4}.Debug|Any CPU.Build.0 = Debug|Any CPU
		{F933D93C-6D9B-CABD-F428-85AEEB8E4EB4}.Release|Any CPU.ActiveCfg = Release|Any CPU
		{F933D93C-6D9B-CABD-F428-85AEEB8E4EB4}.Release|Any CPU.Build.0 = Release|Any CPU
		{76EDEE44-5E8B-E7F7-60B9-0DBA9A2FD712}.Debug|Any CPU.ActiveCfg = Debug|Any CPU
		{76EDEE44-5E8B-E7F7-60B9-0DBA9A2FD712}.Debug|Any CPU.Build.0 = Debug|Any CPU
		{76EDEE44-5E8B-E7F7-60B9-0DBA9A2FD712}.Release|Any CPU.ActiveCfg = Release|Any CPU
		{76EDEE44-5E8B-E7F7-60B9-0DBA9A2FD712}.Release|Any CPU.Build.0 = Release|Any CPU
	EndGlobalSection
	GlobalSection(SolutionProperties) = preSolution
		HideSolutionNode = FALSE
	EndGlobalSection
																																	GlobalSection(MonoDevelopProperties) = preSolution
		StartupItem = Assembly-CSharp.csproj
		Policies = $0
		$0.TextStylePolicy = $1
		$1.inheritsSet = null
		$1.scope = text/x-csharp
		$0.CSharpFormattingPolicy = $2
		$2.inheritsSet = Mono
		$2.inheritsScope = text/x-csharp
		$2.scope = text/x-csharp
		$0.TextStylePolicy = $3
		$3.FileWidth = 120
		$3.TabWidth = 4
		$3.IndentWidth = 4
		$3.EolMarker = Unix
		$3.inheritsSet = Mono
		$3.inheritsScope = text/plain
		$3.scope = text/plain
	EndGlobalSection

EndGlobal
